
Microsoft Visual Studio Solution File, Format Version 12.00
# Visual Studio Version 17
VisualStudioVersion = 17.4.33205.214
MinimumVisualStudioVersion = 10.0.40219.1
Project("{9A19103F-16F7-4668-BE54-9A1E7A4F7556}") = "Exam1.Web", "Exam1.Web\Exam1.Web.csproj", "{369E69A5-65B1-4650-A53D-3A2D5DED5BD1}"
EndProject
Project("{FAE04EC0-301F-11D3-BF4B-00C04F79EFBC}") = "Exam1.Domain", "Exam1.Domain\Exam1.Domain.csproj", "{8AEF2FCD-A8B9-4710-BD6C-16C590B9D746}"
EndProject
Project("{FAE04EC0-301F-11D3-BF4B-00C04F79EFBC}") = "Exam1.Application", "Exam1.Application\Exam1.Application.csproj", "{AA475B5D-2FF6-4190-9DAB-9E7223B082C1}"
EndProject
Project("{FAE04EC0-301F-11D3-BF4B-00C04F79EFBC}") = "Exam1.Infrastructure", "Exam1.Infrastructure\Exam1.Infrastructure.csproj", "{138CBB5A-9E74-477B-9BBA-EB2C4494366A}"
EndProject
Global
	GlobalSection(SolutionConfigurationPlatforms) = preSolution
		Debug|Any CPU = Debug|Any CPU
		Release|Any CPU = Release|Any CPU
	EndGlobalSection
	GlobalSection(ProjectConfigurationPlatforms) = postSolution
		{369E69A5-65B1-4650-A53D-3A2D5DED5BD1}.Debug|Any CPU.ActiveCfg = Debug|Any CPU
		{369E69A5-65B1-4650-A53D-3A2D5DED5BD1}.Debug|Any CPU.Build.0 = Debug|Any CPU
		{369E69A5-65B1-4650-A53D-3A2D5DED5BD1}.Release|Any CPU.ActiveCfg = Release|Any CPU
		{369E69A5-65B1-4650-A53D-3A2D5DED5BD1}.Release|Any CPU.Build.0 = Release|Any CPU
		{8AEF2FCD-A8B9-4710-BD6C-16C590B9D746}.Debug|Any CPU.ActiveCfg = Debug|Any CPU
		{8AEF2FCD-A8B9-4710-BD6C-16C590B9D746}.Debug|Any CPU.Build.0 = Debug|Any CPU
		{8AEF2FCD-A8B9-4710-BD6C-16C590B9D746}.Release|Any CPU.ActiveCfg = Release|Any CPU
		{8AEF2FCD-A8B9-4710-BD6C-16C590B9D746}.Release|Any CPU.Build.0 = Release|Any CPU
		{AA475B5D-2FF6-4190-9DAB-9E7223B082C1}.Debug|Any CPU.ActiveCfg = Debug|Any CPU
		{AA475B5D-2FF6-4190-9DAB-9E7223B082C1}.Debug|Any CPU.Build.0 = Debug|Any CPU
		{AA475B5D-2FF6-4190-9DAB-9E7223B082C1}.Release|Any CPU.ActiveCfg = Release|Any CPU
		{AA475B5D-2FF6-4190-9DAB-9E7223B082C1}.Release|Any CPU.Build.0 = Release|Any CPU
		{138CBB5A-9E74-477B-9BBA-EB2C4494366A}.Debug|Any CPU.ActiveCfg = Debug|Any CPU
		{138CBB5A-9E74-477B-9BBA-EB2C4494366A}.Debug|Any CPU.Build.0 = Debug|Any CPU
		{138CBB5A-9E74-477B-9BBA-EB2C4494366A}.Release|Any CPU.ActiveCfg = Release|Any CPU
		{138CBB5A-9E74-477B-9BBA-EB2C4494366A}.Release|Any CPU.Build.0 = Release|Any CPU
	EndGlobalSection
	GlobalSection(SolutionProperties) = preSolution
		HideSolutionNode = FALSE
	EndGlobalSection
	GlobalSection(ExtensibilityGlobals) = postSolution
		SolutionGuid = {F228AAC9-F164-4746-988C-21BAF7F9ABA6}
	EndGlobalSection
EndGlobal
